
Microsoft Visual Studio Solution File, Format Version 12.00
# Visual Studio Version 17
VisualStudioVersion = 17.1.32228.430
MinimumVisualStudioVersion = 10.0.40219.1
Project("{FAE04EC0-301F-11D3-BF4B-00C04F79EFBC}") = "Multi Network Downloader", "Multi Network Downloader\Multi Network Downloader.csproj", "{D6F935DA-05A7-4B61-A65E-13F23794EFFC}"
EndProject
Global
	GlobalSection(SolutionConfigurationPlatforms) = preSolution
		Debug|Any CPU = Debug|Any CPU
		Release|Any CPU = Release|Any CPU
	EndGlobalSection
	GlobalSection(ProjectConfigurationPlatforms) = postSolution
		{D6F935DA-05A7-4B61-A65E-13F23794EFFC}.Debug|Any CPU.ActiveCfg = Debug|Any CPU
		{D6F935DA-05A7-4B61-A65E-13F23794EFFC}.Debug|Any CPU.Build.0 = Debug|Any CPU
		{D6F935DA-05A7-4B61-A65E-13F23794EFFC}.Release|Any CPU.ActiveCfg = Release|Any CPU
		{D6F935DA-05A7-4B61-A65E-13F23794EFFC}.Release|Any CPU.Build.0 = Release|Any CPU
	EndGlobalSection
	GlobalSection(SolutionProperties) = preSolution
		HideSolutionNode = FALSE
	EndGlobalSection
	GlobalSection(ExtensibilityGlobals) = postSolution
		SolutionGuid = {D442A632-EE7D-466B-978F-98BAC988C6A7}
	EndGlobalSection
EndGlobal
